
Microsoft Visual Studio Solution File, Format Version 12.00
# Visual Studio 15
VisualStudioVersion = 15.0.28307.1500
MinimumVisualStudioVersion = 10.0.40219.1
Project("{8BC9CEB8-8B4A-11D0-8D11-00A0C91BC942}") = "Makers.Clr", "Makers.Clr\Makers.Clr.vcxproj", "{131E8924-0FE2-4C7C-B3CB-B6FB96770225}"
EndProject
Project("{FAE04EC0-301F-11D3-BF4B-00C04F79EFBC}") = "Test", "Test\Test.csproj", "{D5CBB31B-E527-4AEE-9079-254531DD9519}"
EndProject
Global
	GlobalSection(SolutionConfigurationPlatforms) = preSolution
		Debug|Any CPU = Debug|Any CPU
		Debug|x64 = Debug|x64
		Debug|x86 = Debug|x86
		Release|Any CPU = Release|Any CPU
		Release|x64 = Release|x64
		Release|x86 = Release|x86
	EndGlobalSection
	GlobalSection(ProjectConfigurationPlatforms) = postSolution
		{131E8924-0FE2-4C7C-B3CB-B6FB96770225}.Debug|Any CPU.ActiveCfg = Debug|Win32
		{131E8924-0FE2-4C7C-B3CB-B6FB96770225}.Debug|x64.ActiveCfg = Release|x64
		{131E8924-0FE2-4C7C-B3CB-B6FB96770225}.Debug|x64.Build.0 = Release|x64
		{131E8924-0FE2-4C7C-B3CB-B6FB96770225}.Debug|x86.ActiveCfg = Debug|Win32
		{131E8924-0FE2-4C7C-B3CB-B6FB96770225}.Debug|x86.Build.0 = Debug|Win32
		{131E8924-0FE2-4C7C-B3CB-B6FB96770225}.Release|Any CPU.ActiveCfg = Release|Win32
		{131E8924-0FE2-4C7C-B3CB-B6FB96770225}.Release|x64.ActiveCfg = Release|x64
		{131E8924-0FE2-4C7C-B3CB-B6FB96770225}.Release|x64.Build.0 = Release|x64
		{131E8924-0FE2-4C7C-B3CB-B6FB96770225}.Release|x86.ActiveCfg = Release|Win32
		{131E8924-0FE2-4C7C-B3CB-B6FB96770225}.Release|x86.Build.0 = Release|Win32
		{D5CBB31B-E527-4AEE-9079-254531DD9519}.Debug|Any CPU.ActiveCfg = Debug|Any CPU
		{D5CBB31B-E527-4AEE-9079-254531DD9519}.Debug|Any CPU.Build.0 = Debug|Any CPU
		{D5CBB31B-E527-4AEE-9079-254531DD9519}.Debug|x64.ActiveCfg = Debug|x64
		{D5CBB31B-E527-4AEE-9079-254531DD9519}.Debug|x64.Build.0 = Debug|x64
		{D5CBB31B-E527-4AEE-9079-254531DD9519}.Debug|x86.ActiveCfg = Debug|Any CPU
		{D5CBB31B-E527-4AEE-9079-254531DD9519}.Debug|x86.Build.0 = Debug|Any CPU
		{D5CBB31B-E527-4AEE-9079-254531DD9519}.Release|Any CPU.ActiveCfg = Release|Any CPU
		{D5CBB31B-E527-4AEE-9079-254531DD9519}.Release|Any CPU.Build.0 = Release|Any CPU
		{D5CBB31B-E527-4AEE-9079-254531DD9519}.Release|x64.ActiveCfg = Release|Any CPU
		{D5CBB31B-E527-4AEE-9079-254531DD9519}.Release|x64.Build.0 = Release|Any CPU
		{D5CBB31B-E527-4AEE-9079-254531DD9519}.Release|x86.ActiveCfg = Release|Any CPU
		{D5CBB31B-E527-4AEE-9079-254531DD9519}.Release|x86.Build.0 = Release|Any CPU
	EndGlobalSection
	GlobalSection(SolutionProperties) = preSolution
		HideSolutionNode = FALSE
	EndGlobalSection
	GlobalSection(ExtensibilityGlobals) = postSolution
		SolutionGuid = {5A81A6D4-81A5-4EDD-8541-54AF9D963810}
	EndGlobalSection
EndGlobal
